
Microsoft Visual Studio Solution File, Format Version 12.00
# Visual Studio Version 17
VisualStudioVersion = 17.13.35828.75 d17.13
MinimumVisualStudioVersion = 10.0.40219.1
Project("{FAE04EC0-301F-11D3-BF4B-00C04F79EFBC}") = "Mission10", "Mission10\Mission10.csproj", "{B679D076-0D88-451C-9961-8C1C5302EDDA}"
EndProject
Global
	GlobalSection(SolutionConfigurationPlatforms) = preSolution
		Debug|Any CPU = Debug|Any CPU
		Release|Any CPU = Release|Any CPU
	EndGlobalSection
	GlobalSection(ProjectConfigurationPlatforms) = postSolution
		{B679D076-0D88-451C-9961-8C1C5302EDDA}.Debug|Any CPU.ActiveCfg = Debug|Any CPU
		{B679D076-0D88-451C-9961-8C1C5302EDDA}.Debug|Any CPU.Build.0 = Debug|Any CPU
		{B679D076-0D88-451C-9961-8C1C5302EDDA}.Release|Any CPU.ActiveCfg = Release|Any CPU
		{B679D076-0D88-451C-9961-8C1C5302EDDA}.Release|Any CPU.Build.0 = Release|Any CPU
	EndGlobalSection
	GlobalSection(SolutionProperties) = preSolution
		HideSolutionNode = FALSE
	EndGlobalSection
	GlobalSection(ExtensibilityGlobals) = postSolution
		SolutionGuid = {90404BCF-30B7-48EA-A1F8-39359625799A}
	EndGlobalSection
EndGlobal
